
Microsoft Visual Studio Solution File, Format Version 12.00
# Visual Studio Version 17
VisualStudioVersion = 17.7.34024.191
MinimumVisualStudioVersion = 10.0.40219.1
Project("{888888A0-9F3D-457C-B088-3A5042F75D52}") = "robinson_python", "robinson_python\robinson_python.pyproj", "{B99D8997-83A3-402E-9947-25EC143D5024}"
EndProject
Global
	GlobalSection(SolutionConfigurationPlatforms) = preSolution
		Debug|Any CPU = Debug|Any CPU
		Release|Any CPU = Release|Any CPU
	EndGlobalSection
	GlobalSection(ProjectConfigurationPlatforms) = postSolution
		{B99D8997-83A3-402E-9947-25EC143D5024}.Debug|Any CPU.ActiveCfg = Debug|Any CPU
		{B99D8997-83A3-402E-9947-25EC143D5024}.Release|Any CPU.ActiveCfg = Release|Any CPU
	EndGlobalSection
	GlobalSection(SolutionProperties) = preSolution
		HideSolutionNode = FALSE
	EndGlobalSection
	GlobalSection(ExtensibilityGlobals) = postSolution
		SolutionGuid = {4ECB7C9C-8C17-4E66-ADCB-A7C1B355A275}
	EndGlobalSection
EndGlobal
